# THIS IS AN AUTOGENERATED FILE. DO NOT EDIT THIS FILE DIRECTLY.
# yarn lockfile v1


"@esbuild/linux-x64@0.25.11":
  version "0.25.11"

"@socket.io/component-emitter@~3.1.0":
  version "3.1.2"

"@types/body-parser@*":
  version "1.19.6"
  dependencies:
    "@types/connect" "*"
    "@types/node" "*"

"@types/connect@*":
  version "3.4.38"
  dependencies:
    "@types/node" "*"

"@types/express-serve-static-core@^5.0.0":
  version "5.1.0"
  dependencies:
    "@types/node" "*"
    "@types/qs" "*"
    "@types/range-parser" "*"
    "@types/send" "*"

"@types/express@^5.0.5":
  version "5.0.5"
  dependencies:
    "@types/body-parser" "*"
    "@types/express-serve-static-core" "^5.0.0"
    "@types/serve-static" "^1"

"@types/http-errors@*":
  version "2.0.5"

"@types/mime@^1":
  version "1.3.5"

"@types/minimist@^1.2.5":
  version "1.2.5"

"@types/node@*", "@types/node@^24.9.2":
  version "24.9.2"
  dependencies:
    undici-types "~7.16.0"

"@types/qs@*":
  version "6.14.0"

"@types/range-parser@*":
  version "1.2.7"

"@types/send@*":
  version "1.2.1"
  dependencies:
    "@types/node" "*"

"@types/send@<1":
  version "0.17.6"
  dependencies:
    "@types/mime" "^1"
    "@types/node" "*"

"@types/serve-static@^1":
  version "1.15.10"
  dependencies:
    "@types/http-errors" "*"
    "@types/node" "*"
    "@types/send" "<1"

accepts@^2.0.0:
  version "2.0.0"
  dependencies:
    mime-types "^3.0.0"
    negotiator "^1.0.0"

body-parser@^2.2.0:
  version "2.2.0"
  dependencies:
    bytes "^3.1.2"
    content-type "^1.0.5"
    debug "^4.4.0"
    http-errors "^2.0.0"
    iconv-lite "^0.6.3"
    on-finished "^2.4.1"
    qs "^6.14.0"
    raw-body "^3.0.0"
    type-is "^2.0.0"

bytes@^3.1.2, bytes@3.1.2:
  version "3.1.2"

call-bind-apply-helpers@^1.0.1, call-bind-apply-helpers@^1.0.2:
  version "1.0.2"
  dependencies:
    es-errors "^1.3.0"
    function-bind "^1.1.2"

call-bound@^1.0.2:
  version "1.0.4"
  dependencies:
    call-bind-apply-helpers "^1.0.2"
    get-intrinsic "^1.3.0"

content-disposition@^1.0.0:
  version "1.0.0"
  dependencies:
    safe-buffer "5.2.1"

content-type@^1.0.5:
  version "1.0.5"

cookie-signature@^1.2.1:
  version "1.2.2"

cookie@^0.7.1:
  version "0.7.2"

cors@^2.8.5:
  version "2.8.5"
  dependencies:
    object-assign "^4"
    vary "^1"

crypto@^1.0.1:
  version "1.0.1"

debug@^4.3.5, debug@^4.4.0:
  version "4.4.3"
  dependencies:
    ms "^2.1.3"

debug@~4.3.1:
  version "4.3.7"
  dependencies:
    ms "^2.1.3"

debug@~4.3.2:
  version "4.3.7"
  dependencies:
    ms "^2.1.3"

depd@^2.0.0, depd@2.0.0:
  version "2.0.0"

dunder-proto@^1.0.1:
  version "1.0.1"
  dependencies:
    call-bind-apply-helpers "^1.0.1"
    es-errors "^1.3.0"
    gopd "^1.2.0"

ee-first@1.1.1:
  version "1.1.1"

encodeurl@^2.0.0:
  version "2.0.0"

engine.io-client@~6.6.1:
  version "6.6.3"
  dependencies:
    "@socket.io/component-emitter" "~3.1.0"
    debug "~4.3.1"
    engine.io-parser "~5.2.1"
    ws "~8.17.1"
    xmlhttprequest-ssl "~2.1.1"

engine.io-parser@~5.2.1:
  version "5.2.3"

es-define-property@^1.0.1:
  version "1.0.1"

es-errors@^1.3.0:
  version "1.3.0"

es-object-atoms@^1.0.0, es-object-atoms@^1.1.1:
  version "1.1.1"
  dependencies:
    es-errors "^1.3.0"

esbuild@^0.25.11:
  version "0.25.11"
  optionalDependencies:
    "@esbuild/aix-ppc64" "0.25.11"
    "@esbuild/android-arm" "0.25.11"
    "@esbuild/android-arm64" "0.25.11"
    "@esbuild/android-x64" "0.25.11"
    "@esbuild/darwin-arm64" "0.25.11"
    "@esbuild/darwin-x64" "0.25.11"
    "@esbuild/freebsd-arm64" "0.25.11"
    "@esbuild/freebsd-x64" "0.25.11"
    "@esbuild/linux-arm" "0.25.11"
    "@esbuild/linux-arm64" "0.25.11"
    "@esbuild/linux-ia32" "0.25.11"
    "@esbuild/linux-loong64" "0.25.11"
    "@esbuild/linux-mips64el" "0.25.11"
    "@esbuild/linux-ppc64" "0.25.11"
    "@esbuild/linux-riscv64" "0.25.11"
    "@esbuild/linux-s390x" "0.25.11"
    "@esbuild/linux-x64" "0.25.11"
    "@esbuild/netbsd-arm64" "0.25.11"
    "@esbuild/netbsd-x64" "0.25.11"
    "@esbuild/openbsd-arm64" "0.25.11"
    "@esbuild/openbsd-x64" "0.25.11"
    "@esbuild/openharmony-arm64" "0.25.11"
    "@esbuild/sunos-x64" "0.25.11"
    "@esbuild/win32-arm64" "0.25.11"
    "@esbuild/win32-ia32" "0.25.11"
    "@esbuild/win32-x64" "0.25.11"

escape-html@^1.0.3:
  version "1.0.3"

etag@^1.8.1:
  version "1.8.1"

express@^5.1.0:
  version "5.1.0"
  dependencies:
    accepts "^2.0.0"
    body-parser "^2.2.0"
    content-disposition "^1.0.0"
    content-type "^1.0.5"
    cookie "^0.7.1"
    cookie-signature "^1.2.1"
    debug "^4.4.0"
    encodeurl "^2.0.0"
    escape-html "^1.0.3"
    etag "^1.8.1"
    finalhandler "^2.1.0"
    fresh "^2.0.0"
    http-errors "^2.0.0"
    merge-descriptors "^2.0.0"
    mime-types "^3.0.0"
    on-finished "^2.4.1"
    once "^1.4.0"
    parseurl "^1.3.3"
    proxy-addr "^2.0.7"
    qs "^6.14.0"
    range-parser "^1.2.1"
    router "^2.2.0"
    send "^1.1.0"
    serve-static "^2.2.0"
    statuses "^2.0.1"
    type-is "^2.0.1"
    vary "^1.1.2"

finalhandler@^2.1.0:
  version "2.1.0"
  dependencies:
    debug "^4.4.0"
    encodeurl "^2.0.0"
    escape-html "^1.0.3"
    on-finished "^2.4.1"
    parseurl "^1.3.3"
    statuses "^2.0.1"

forwarded@0.2.0:
  version "0.2.0"

fresh@^2.0.0:
  version "2.0.0"

function-bind@^1.1.2:
  version "1.1.2"

get-intrinsic@^1.2.5, get-intrinsic@^1.3.0:
  version "1.3.0"
  dependencies:
    call-bind-apply-helpers "^1.0.2"
    es-define-property "^1.0.1"
    es-errors "^1.3.0"
    es-object-atoms "^1.1.1"
    function-bind "^1.1.2"
    get-proto "^1.0.1"
    gopd "^1.2.0"
    has-symbols "^1.1.0"
    hasown "^2.0.2"
    math-intrinsics "^1.1.0"

get-proto@^1.0.1:
  version "1.0.1"
  dependencies:
    dunder-proto "^1.0.1"
    es-object-atoms "^1.0.0"

gopd@^1.2.0:
  version "1.2.0"

has-symbols@^1.1.0:
  version "1.1.0"

hasown@^2.0.2:
  version "2.0.2"
  dependencies:
    function-bind "^1.1.2"

helmet@^8.1.0:
  version "8.1.0"

http-errors@^2.0.0, http-errors@2.0.0:
  version "2.0.0"
  dependencies:
    depd "2.0.0"
    inherits "2.0.4"
    setprototypeof "1.2.0"
    statuses "2.0.1"
    toidentifier "1.0.1"

iconv-lite@^0.6.3:
  version "0.6.3"
  dependencies:
    safer-buffer ">= 2.1.2 < 3.0.0"

iconv-lite@0.7.0:
  version "0.7.0"
  dependencies:
    safer-buffer ">= 2.1.2 < 3.0.0"

inherits@2.0.4:
  version "2.0.4"

ipaddr.js@1.9.1:
  version "1.9.1"

is-promise@^4.0.0:
  version "4.0.0"

math-intrinsics@^1.1.0:
  version "1.1.0"

media-typer@^1.1.0:
  version "1.1.0"

merge-descriptors@^2.0.0:
  version "2.0.0"

mime-db@^1.54.0:
  version "1.54.0"

mime-types@^3.0.0, mime-types@^3.0.1:
  version "3.0.1"
  dependencies:
    mime-db "^1.54.0"

minimist@^1.2.8:
  version "1.2.8"

ms@^2.1.3:
  version "2.1.3"

negotiator@^1.0.0:
  version "1.0.0"

object-assign@^4:
  version "4.1.1"

object-inspect@^1.13.3:
  version "1.13.4"

on-finished@^2.4.1:
  version "2.4.1"
  dependencies:
    ee-first "1.1.1"

once@^1.4.0:
  version "1.4.0"
  dependencies:
    wrappy "1"

parseurl@^1.3.3:
  version "1.3.3"

path-to-regexp@^8.0.0:
  version "8.3.0"

proxy-addr@^2.0.7:
  version "2.0.7"
  dependencies:
    forwarded "0.2.0"
    ipaddr.js "1.9.1"

qs@^6.14.0:
  version "6.14.0"
  dependencies:
    side-channel "^1.1.0"

range-parser@^1.2.1:
  version "1.2.1"

raw-body@^3.0.0:
  version "3.0.1"
  dependencies:
    bytes "3.1.2"
    http-errors "2.0.0"
    iconv-lite "0.7.0"
    unpipe "1.0.0"

router@^2.2.0:
  version "2.2.0"
  dependencies:
    debug "^4.4.0"
    depd "^2.0.0"
    is-promise "^4.0.0"
    parseurl "^1.3.3"
    path-to-regexp "^8.0.0"

safe-buffer@5.2.1:
  version "5.2.1"

"safer-buffer@>= 2.1.2 < 3.0.0":
  version "2.1.2"

send@^1.1.0, send@^1.2.0:
  version "1.2.0"
  dependencies:
    debug "^4.3.5"
    encodeurl "^2.0.0"
    escape-html "^1.0.3"
    etag "^1.8.1"
    fresh "^2.0.0"
    http-errors "^2.0.0"
    mime-types "^3.0.1"
    ms "^2.1.3"
    on-finished "^2.4.1"
    range-parser "^1.2.1"
    statuses "^2.0.1"

serve-static@^2.2.0:
  version "2.2.0"
  dependencies:
    encodeurl "^2.0.0"
    escape-html "^1.0.3"
    parseurl "^1.3.3"
    send "^1.2.0"

setprototypeof@1.2.0:
  version "1.2.0"

side-channel-list@^1.0.0:
  version "1.0.0"
  dependencies:
    es-errors "^1.3.0"
    object-inspect "^1.13.3"

side-channel-map@^1.0.1:
  version "1.0.1"
  dependencies:
    call-bound "^1.0.2"
    es-errors "^1.3.0"
    get-intrinsic "^1.2.5"
    object-inspect "^1.13.3"

side-channel-weakmap@^1.0.2:
  version "1.0.2"
  dependencies:
    call-bound "^1.0.2"
    es-errors "^1.3.0"
    get-intrinsic "^1.2.5"
    object-inspect "^1.13.3"
    side-channel-map "^1.0.1"

side-channel@^1.1.0:
  version "1.1.0"
  dependencies:
    es-errors "^1.3.0"
    object-inspect "^1.13.3"
    side-channel-list "^1.0.0"
    side-channel-map "^1.0.1"
    side-channel-weakmap "^1.0.2"

socket.io-client@^4.8.1:
  version "4.8.1"
  dependencies:
    "@socket.io/component-emitter" "~3.1.0"
    debug "~4.3.2"
    engine.io-client "~6.6.1"
    socket.io-parser "~4.2.4"

socket.io-parser@~4.2.4:
  version "4.2.4"
  dependencies:
    "@socket.io/component-emitter" "~3.1.0"
    debug "~4.3.1"

statuses@^2.0.1:
  version "2.0.2"

statuses@2.0.1:
  version "2.0.1"

toidentifier@1.0.1:
  version "1.0.1"

type-is@^2.0.0, type-is@^2.0.1:
  version "2.0.1"
  dependencies:
    content-type "^1.0.5"
    media-typer "^1.1.0"
    mime-types "^3.0.0"

typescript@^5.9.3:
  version "5.9.3"

undici-types@~7.16.0:
  version "7.16.0"

unpipe@1.0.0:
  version "1.0.0"

uuid@^13.0.0:
  version "13.0.0"

vary@^1, vary@^1.1.2:
  version "1.1.2"

wrappy@1:
  version "1.0.2"

ws@~8.17.1:
  version "8.17.1"

xmlhttprequest-ssl@~2.1.1:
  version "2.1.2"
